// !$*UTF8*$!
{
	archiveVersion = 1;
	classes = {
	};
	objectVersion = 46;
	objects = {

/* Begin PBXBuildFile section */
		618630291CFFDECC007FB44D /* main.m in Sources */ = {isa = PBXBuildFile; fileRef = 618630281CFFDECC007FB44D /* main.m */; };
		6186302C1CFFDECC007FB44D /* AppDelegate.m in Sources */ = {isa = PBXBuildFile; fileRef = 6186302B1CFFDECC007FB44D /* AppDelegate.m */; };
		6186302F1CFFDECC007FB44D /* ViewController.m in Sources */ = {isa = PBXBuildFile; fileRef = 6186302E1CFFDECC007FB44D /* ViewController.m */; };
		618630321CFFDECC007FB44D /* Main.storyboard in Resources */ = {isa = PBXBuildFile; fileRef = 618630301CFFDECC007FB44D /* Main.storyboard */; };
		618630341CFFDECC007FB44D /* Assets.xcassets in Resources */ = {isa = PBXBuildFile; fileRef = 618630331CFFDECC007FB44D /* Assets.xcassets */; };
		618630371CFFDECC007FB44D /* LaunchScreen.storyboard in Resources */ = {isa = PBXBuildFile; fileRef = 618630351CFFDECC007FB44D /* LaunchScreen.storyboard */; };
/* End PBXBuildFile section */

/* Begin PBXFileReference section */
		618630241CFFDECC007FB44D /* UIButtonImage.app */ = {isa = PBXFileReference; explicitFileType = wrapper.application; includeInIndex = 0; path = UIButtonImage.app; sourceTree = BUILT_PRODUCTS_DIR; };
		618630281CFFDECC007FB44D /* main.m */ = {isa = PBXFileReference; lastKnownFileType = sourcecode.c.objc; path = main.m; sourceTree = "<group>"; };
		6186302A1CFFDECC007FB44D /* AppDelegate.h */ = {isa = PBXFileReference; lastKnownFileType = sourcecode.c.h; path = AppDelegate.h; sourceTree = "<group>"; };
		6186302B1CFFDECC007FB44D /* AppDelegate.m */ = {isa = PBXFileReference; lastKnownFileType = sourcecode.c.objc; path = AppDelegate.m; sourceTree = "<group>"; };
		6186302D1CFFDECC007FB44D /* ViewController.h */ = {isa = PBXFileReference; lastKnownFileType = sourcecode.c.h; path = ViewController.h; sourceTree = "<group>"; };
		6186302E1CFFDECC007FB44D /* ViewController.m */ = {isa = PBXFileReference; lastKnownFileType = sourcecode.c.objc; path = ViewController.m; sourceTree = "<group>"; };
		618630311CFFDECC007FB44D /* Base */ = {isa = PBXFileReference; lastKnownFileType = file.storyboard; name = Base; path = Base.lproj/Main.storyboard; sourceTree = "<group>"; };
		618630331CFFDECC007FB44D /* Assets.xcassets */ = {isa = PBXFileReference; lastKnownFileType = folder.assetcatalog; path = Assets.xcassets; sourceTree = "<group>"; };
		618630361CFFDECC007FB44D /* Base */ = {isa = PBXFileReference; lastKnownFileType = file.storyboard; name = Base; path = Base.lproj/LaunchScreen.storyboard; sourceTree = "<group>"; };
		618630381CFFDECC007FB44D /* Info.plist */ = {isa = PBXFileReference; lastKnownFileType = text.plist.xml; path = Info.plist; sourceTree = "<group>"; };
/* End PBXFileReference section */

/* Begin PBXFrameworksBuildPhase section */
		618630211CFFDECC007FB44D /* Frameworks */ = {
			isa = PBXFrameworksBuildPhase;
			buildActionMask = 2147483647;
			files = (
			);
			runOnlyForDeploymentPostprocessing = 0;
		};
/* End PBXFrameworksBuildPhase section */

/* Begin PBXGroup section */
		6186301B1CFFDECB007FB44D = {
			isa = PBXGroup;
			children = (
				618630261CFFDECC007FB44D /* UIButtonImage */,
				618630251CFFDECC007FB44D /* Products */,
			);
			sourceTree = "<group>";
		};
		618630251CFFDECC007FB44D /* Products */ = {
			isa = PBXGroup;
			children = (
				618630241CFFDECC007FB44D /* UIButtonImage.app */,
			);
			name = Products;
			sourceTree = "<group>";
		};
		618630261CFFDECC007FB44D /* UIButtonImage */ = {
			isa = PBXGroup;
			children = (
				6186302A1CFFDECC007FB44D /* AppDelegate.h */,
				6186302B1CFFDECC007FB44D /* AppDelegate.m */,
				6186302D1CFFDECC007FB44D /* ViewController.h */,
				6186302E1CFFDECC007FB44D /* ViewController.m */,
				618630301CFFDECC007FB44D /* Main.storyboard */,
				618630331CFFDECC007FB44D /* Assets.xcassets */,
				618630351CFFDECC007FB44D /* LaunchScreen.storyboard */,
				618630381CFFDECC007FB44D /* Info.plist */,
				618630271CFFDECC007FB44D /* Supporting Files */,
			);
			path = UIButtonImage;
			sourceTree = "<group>";
		};
		618630271CFFDECC007FB44D /* Supporting Files */ = {
			isa = PBXGroup;
			children = (
				618630281CFFDECC007FB44D /* main.m */,
			);
			name = "Supporting Files";
			sourceTree = "<group>";
		};
/* End PBXGroup section */

/* Begin PBXNativeTarget section */
		618630231CFFDECC007FB44D /* UIButtonImage */ = {
			isa = PBXNativeTarget;
			buildConfigurationList = 6186303B1CFFDECC007FB44D /* Build configuration list for PBXNativeTarget "UIButtonImage" */;
			buildPhases = (
				618630201CFFDECC007FB44D /* Sources */,
				618630211CFFDECC007FB44D /* Frameworks */,
				618630221CFFDECC007FB44D /* Resources */,
			);
			buildRules = (
			);
			dependencies = (
			);
			name = UIButtonImage;
			productName = UIButtonImage;
			productReference = 618630241CFFDECC007FB44D /* UIButtonImage.app */;
			productType = "com.apple.product-type.application";
		};
/* End PBXNativeTarget section */

/* Begin PBXProject section */
		6186301C1CFFDECB007FB44D /* Project object */ = {
			isa = PBXProject;
			attributes = {
				LastUpgradeCheck = 0710;
				ORGANIZATIONNAME = cnbin;
				TargetAttributes = {
					618630231CFFDECC007FB44D = {
						CreatedOnToolsVersion = 7.1.1;
					};
				};
			};
			buildConfigurationList = 6186301F1CFFDECB007FB44D /* Build configuration list for PBXProject "UIButtonImage" */;
			compatibilityVersion = "Xcode 3.2";
			developmentRegion = English;
			hasScannedForEncodings = 0;
			knownRegions = (
				en,
				Base,
			);
			mainGroup = 6186301B1CFFDECB007FB44D;
			productRefGroup = 618630251CFFDECC007FB44D /* Products */;
			projectDirPath = "";
			projectRoot = "";
			targets = (
				618630231CFFDECC007FB44D /* UIButtonImage */,
			);
		};
/* End PBXProject section */

/* Begin PBXResourcesBuildPhase section */
		618630221CFFDECC007FB44D /* Resources */ = {
			isa = PBXResourcesBuildPhase;
			buildActionMask = 2147483647;
			files = (
				618630371CFFDECC007FB44D /* LaunchScreen.storyboard in Resources */,
				618630341CFFDECC007FB44D /* Assets.xcassets in Resources */,
				618630321CFFDECC007FB44D /* Main.storyboard in Resources */,
			);
			runOnlyForDeploymentPostprocessing = 0;
		};
/* End PBXResourcesBuildPhase section */

/* Begin PBXSourcesBuildPhase section */
		618630201CFFDECC007FB44D /* Sources */ = {
			isa = PBXSourcesBuildPhase;
			buildActionMask = 2147483647;
			files = (
				6186302F1CFFDECC007FB44D /* ViewController.m in Sources */,
				6186302C1CFFDECC007FB44D /* AppDelegate.m in Sources */,
				618630291CFFDECC007FB44D /* main.m in Sources */,
			);
			runOnlyForDeploymentPostprocessing = 0;
		};
/* End PBXSourcesBuildPhase section */

/* Begin PBXVariantGroup section */
		618630301CFFDECC007FB44D /* Main.storyboard */ = {
			isa = PBXVariantGroup;
			children = (
				618630311CFFDECC007FB44D /* Base */,
			);
			name = Main.storyboard;
			sourceTree = "<group>";
		};
		618630351CFFDECC007FB44D /* LaunchScreen.storyboard */ = {
			isa = PBXVariantGroup;
			children = (
				618630361CFFDECC007FB44D /* Base */,
			);
			name = LaunchScreen.storyboard;
			sourceTree = "<group>";
		};
/* End PBXVariantGroup section */

/* Begin XCBuildConfiguration section */
		618630391CFFDECC007FB44D /* Debug */ = {
			isa = XCBuildConfiguration;
			buildSettings = {
				ALWAYS_SEARCH_USER_PATHS = NO;
				CLANG_CXX_LANGUAGE_STANDARD = "gnu++0x";
				CLANG_CXX_LIBRARY = "libc++";
				CLANG_ENABLE_MODULES = YES;
				CLANG_ENABLE_OBJC_ARC = YES;
				CLANG_WARN_BOOL_CONVERSION = YES;
				CLANG_WARN_CONSTANT_CONVERSION = YES;
				CLANG_WARN_DIRECT_OBJC_ISA_USAGE = YES_ERROR;
				CLANG_WARN_EMPTY_BODY = YES;
				CLANG_WARN_ENUM_CONVERSION = YES;
				CLANG_WARN_INT_CONVERSION = YES;
				CLANG_WARN_OBJC_ROOT_CLASS = YES_ERROR;
				CLANG_WARN_UNREACHABLE_CODE = YES;
				CLANG_WARN__DUPLICATE_METHOD_MATCH = YES;
				"CODE_SIGN_IDENTITY[sdk=iphoneos*]" = "iPhone Developer";
				COPY_PHASE_STRIP = NO;
				DEBUG_INFORMATION_FORMAT = dwarf;
				ENABLE_STRICT_OBJC_MSGSEND = YES;
				ENABLE_TESTABILITY = YES;
				GCC_C_LANGUAGE_STANDARD = gnu99;
				GCC_DYNAMIC_NO_PIC = NO;
				GCC_NO_COMMON_BLOCKS = YES;
				GCC_OPTIMIZATION_LEVEL = 0;
				GCC_PREPROCESSOR_DEFINITIONS = (
					"DEBUG=1",
					"$(inherited)",
				);
				GCC_WARN_64_TO_32_BIT_CONVERSION = YES;
				GCC_WARN_ABOUT_RETURN_TYPE = YES_ERROR;
				GCC_WARN_UNDECLARED_SELECTOR = YES;
				GCC_WARN_UNINITIALIZED_AUTOS = YES_AGGRESSIVE;
				GCC_WARN_UNUSED_FUNCTION = YES;
				GCC_WARN_UNUSED_VARIABLE = YES;
				IPHONEOS_DEPLOYMENT_TARGET = 9.1;
				MTL_ENABLE_DEBUG_INFO = YES;
				ONLY_ACTIVE_ARCH = YES;
				SDKROOT = iphoneos;
				TARGETED_DEVICE_FAMILY = "1,2";
			};
			name = Debug;
		};
		6186303A1CFFDECC007FB44D /* Release */ = {
			isa = XCBuildConfiguration;
			buildSettings = {
				ALWAYS_SEARCH_USER_PATHS = NO;
				CLANG_CXX_LANGUAGE_STANDARD = "gnu++0x";
				CLANG_CXX_LIBRARY = "libc++";
				CLANG_ENABLE_MODULES = YES;
				CLANG_ENABLE_OBJC_ARC = YES;
				CLANG_WARN_BOOL_CONVERSION = YES;
				CLANG_WARN_CONSTANT_CONVERSION = YES;
				CLANG_WARN_DIRECT_OBJC_ISA_USAGE = YES_ERROR;
				CLANG_WARN_EMPTY_BODY = YES;
				CLANG_WARN_ENUM_CONVERSION = YES;
				CLANG_WARN_INT_CONVERSION = YES;
				CLANG_WARN_OBJC_ROOT_CLASS = YES_ERROR;
				CLANG_WARN_UNREACHABLE_CODE = YES;
				CLANG_WARN__DUPLICATE_METHOD_MATCH = YES;
				"CODE_SIGN_IDENTITY[sdk=iphoneos*]" = "iPhone Developer";
				COPY_PHASE_STRIP = NO;
				DEBUG_INFORMATION_FORMAT = "dwarf-with-dsym";
				ENABLE_NS_ASSERTIONS = NO;
				ENABLE_STRICT_OBJC_MSGSEND = YES;
				GCC_C_LANGUAGE_STANDARD = gnu99;
				GCC_NO_COMMON_BLOCKS = YES;
				GCC_WARN_64_TO_32_BIT_CONVERSION = YES;
				GCC_WARN_ABOUT_RETURN_TYPE = YES_ERROR;
				GCC_WARN_UNDECLARED_SELECTOR = YES;
				GCC_WARN_UNINITIALIZED_AUTOS = YES_AGGRESSIVE;
				GCC_WARN_UNUSED_FUNCTION = YES;
				GCC_WARN_UNUSED_VARIABLE = YES;
				IPHONEOS_DEPLOYMENT_TARGET = 9.1;
				MTL_ENABLE_DEBUG_INFO = NO;
				SDKROOT = iphoneos;
				TARGETED_DEVICE_FAMILY = "1,2";
				VALIDATE_PRODUCT = YES;
			};
			name = Release;
		};
		6186303C1CFFDECC007FB44D /* Debug */ = {
			isa = XCBuildConfiguration;
			buildSettings = {
				ASSETCATALOG_COMPILER_APPICON_NAME = AppIcon;
				INFOPLIST_FILE = UIButtonImage/Info.plist;
				IPHONEOS_DEPLOYMENT_TARGET = 8.4;
				LD_RUNPATH_SEARCH_PATHS = "$(inherited) @executable_path/Frameworks";
				PRODUCT_BUNDLE_IDENTIFIER = cc.huaxun.UIButtonImage;
				PRODUCT_NAME = "$(TARGET_NAME)";
			};
			name = Debug;
		};
		6186303D1CFFDECC007FB44D /* Release */ = {
			isa = XCBuildConfiguration;
			buildSettings = {
				ASSETCATALOG_COMPILER_APPICON_NAME = AppIcon;
				INFOPLIST_FILE = UIButtonImage/Info.plist;
				IPHONEOS_DEPLOYMENT_TARGET = 8.4;
				LD_RUNPATH_SEARCH_PATHS = "$(inherited) @executable_path/Frameworks";
				PRODUCT_BUNDLE_IDENTIFIER = cc.huaxun.UIButtonImage;
				PRODUCT_NAME = "$(TARGET_NAME)";
			};
			name = Release;
		};
/* End XCBuildConfiguration section */

/* Begin XCConfigurationList section */
		6186301F1CFFDECB007FB44D /* Build configuration list for PBXProject "UIButtonImage" */ = {
			isa = XCConfigurationList;
			buildConfigurations = (
				618630391CFFDECC007FB44D /* Debug */,
				6186303A1CFFDECC007FB44D /* Release */,
			);
			defaultConfigurationIsVisible = 0;
			defaultConfigurationName = Release;
		};
		6186303B1CFFDECC007FB44D /* Build configuration list for PBXNativeTarget "UIButtonImage" */ = {
			isa = XCConfigurationList;
			buildConfigurations = (
				6186303C1CFFDECC007FB44D /* Debug */,
				6186303D1CFFDECC007FB44D /* Release */,
			);
			defaultConfigurationIsVisible = 0;
		};
/* End XCConfigurationList section */
	};
	rootObject = 6186301C1CFFDECB007FB44D /* Project object */;
}
