// !$*UTF8*$!
{
	archiveVersion = 1;
	classes = {
	};
	objectVersion = 46;
	objects = {

/* Begin PBXBuildFile section */
		6148A8191C969B8C0049075F /* main.m in Sources */ = {isa = PBXBuildFile; fileRef = 6148A8181C969B8C0049075F /* main.m */; };
		6148A81C1C969B8C0049075F /* AppDelegate.m in Sources */ = {isa = PBXBuildFile; fileRef = 6148A81B1C969B8C0049075F /* AppDelegate.m */; };
		6148A81F1C969B8C0049075F /* ViewController.m in Sources */ = {isa = PBXBuildFile; fileRef = 6148A81E1C969B8C0049075F /* ViewController.m */; };
		6148A8221C969B8C0049075F /* Main.storyboard in Resources */ = {isa = PBXBuildFile; fileRef = 6148A8201C969B8C0049075F /* Main.storyboard */; };
		6148A8241C969B8C0049075F /* Assets.xcassets in Resources */ = {isa = PBXBuildFile; fileRef = 6148A8231C969B8C0049075F /* Assets.xcassets */; };
		6148A8271C969B8C0049075F /* LaunchScreen.storyboard in Resources */ = {isa = PBXBuildFile; fileRef = 6148A8251C969B8C0049075F /* LaunchScreen.storyboard */; };
		6148A8341C969BC70049075F /* SearchCell.m in Sources */ = {isa = PBXBuildFile; fileRef = 6148A8321C969BC70049075F /* SearchCell.m */; };
		6148A8351C969BC70049075F /* SearchCell.xib in Resources */ = {isa = PBXBuildFile; fileRef = 6148A8331C969BC70049075F /* SearchCell.xib */; };
/* End PBXBuildFile section */

/* Begin PBXFileReference section */
		6148A8141C969B8C0049075F /* tableviewCellDemo.app */ = {isa = PBXFileReference; explicitFileType = wrapper.application; includeInIndex = 0; path = tableviewCellDemo.app; sourceTree = BUILT_PRODUCTS_DIR; };
		6148A8181C969B8C0049075F /* main.m */ = {isa = PBXFileReference; lastKnownFileType = sourcecode.c.objc; path = main.m; sourceTree = "<group>"; };
		6148A81A1C969B8C0049075F /* AppDelegate.h */ = {isa = PBXFileReference; lastKnownFileType = sourcecode.c.h; path = AppDelegate.h; sourceTree = "<group>"; };
		6148A81B1C969B8C0049075F /* AppDelegate.m */ = {isa = PBXFileReference; lastKnownFileType = sourcecode.c.objc; path = AppDelegate.m; sourceTree = "<group>"; };
		6148A81D1C969B8C0049075F /* ViewController.h */ = {isa = PBXFileReference; lastKnownFileType = sourcecode.c.h; path = ViewController.h; sourceTree = "<group>"; };
		6148A81E1C969B8C0049075F /* ViewController.m */ = {isa = PBXFileReference; lastKnownFileType = sourcecode.c.objc; path = ViewController.m; sourceTree = "<group>"; };
		6148A8211C969B8C0049075F /* Base */ = {isa = PBXFileReference; lastKnownFileType = file.storyboard; name = Base; path = Base.lproj/Main.storyboard; sourceTree = "<group>"; };
		6148A8231C969B8C0049075F /* Assets.xcassets */ = {isa = PBXFileReference; lastKnownFileType = folder.assetcatalog; path = Assets.xcassets; sourceTree = "<group>"; };
		6148A8261C969B8C0049075F /* Base */ = {isa = PBXFileReference; lastKnownFileType = file.storyboard; name = Base; path = Base.lproj/LaunchScreen.storyboard; sourceTree = "<group>"; };
		6148A8281C969B8C0049075F /* Info.plist */ = {isa = PBXFileReference; lastKnownFileType = text.plist.xml; path = Info.plist; sourceTree = "<group>"; };
		6148A8311C969BC70049075F /* SearchCell.h */ = {isa = PBXFileReference; fileEncoding = 4; lastKnownFileType = sourcecode.c.h; name = SearchCell.h; path = tableviewCellDemo/SearchCell.h; sourceTree = "<group>"; };
		6148A8321C969BC70049075F /* SearchCell.m */ = {isa = PBXFileReference; fileEncoding = 4; lastKnownFileType = sourcecode.c.objc; name = SearchCell.m; path = tableviewCellDemo/SearchCell.m; sourceTree = "<group>"; };
		6148A8331C969BC70049075F /* SearchCell.xib */ = {isa = PBXFileReference; fileEncoding = 4; lastKnownFileType = file.xib; name = SearchCell.xib; path = tableviewCellDemo/SearchCell.xib; sourceTree = "<group>"; };
/* End PBXFileReference section */

/* Begin PBXFrameworksBuildPhase section */
		6148A8111C969B8C0049075F /* Frameworks */ = {
			isa = PBXFrameworksBuildPhase;
			buildActionMask = 2147483647;
			files = (
			);
			runOnlyForDeploymentPostprocessing = 0;
		};
/* End PBXFrameworksBuildPhase section */

/* Begin PBXGroup section */
		6148A80B1C969B8C0049075F = {
			isa = PBXGroup;
			children = (
				6148A8311C969BC70049075F /* SearchCell.h */,
				6148A8321C969BC70049075F /* SearchCell.m */,
				6148A8331C969BC70049075F /* SearchCell.xib */,
				6148A8161C969B8C0049075F /* tableviewCellDemo */,
				6148A8151C969B8C0049075F /* Products */,
			);
			sourceTree = "<group>";
		};
		6148A8151C969B8C0049075F /* Products */ = {
			isa = PBXGroup;
			children = (
				6148A8141C969B8C0049075F /* tableviewCellDemo.app */,
			);
			name = Products;
			sourceTree = "<group>";
		};
		6148A8161C969B8C0049075F /* tableviewCellDemo */ = {
			isa = PBXGroup;
			children = (
				6148A81A1C969B8C0049075F /* AppDelegate.h */,
				6148A81B1C969B8C0049075F /* AppDelegate.m */,
				6148A81D1C969B8C0049075F /* ViewController.h */,
				6148A81E1C969B8C0049075F /* ViewController.m */,
				6148A8201C969B8C0049075F /* Main.storyboard */,
				6148A8231C969B8C0049075F /* Assets.xcassets */,
				6148A8251C969B8C0049075F /* LaunchScreen.storyboard */,
				6148A8281C969B8C0049075F /* Info.plist */,
				6148A8171C969B8C0049075F /* Supporting Files */,
			);
			path = tableviewCellDemo;
			sourceTree = "<group>";
		};
		6148A8171C969B8C0049075F /* Supporting Files */ = {
			isa = PBXGroup;
			children = (
				6148A8181C969B8C0049075F /* main.m */,
			);
			name = "Supporting Files";
			sourceTree = "<group>";
		};
/* End PBXGroup section */

/* Begin PBXNativeTarget section */
		6148A8131C969B8C0049075F /* tableviewCellDemo */ = {
			isa = PBXNativeTarget;
			buildConfigurationList = 6148A82B1C969B8C0049075F /* Build configuration list for PBXNativeTarget "tableviewCellDemo" */;
			buildPhases = (
				6148A8101C969B8C0049075F /* Sources */,
				6148A8111C969B8C0049075F /* Frameworks */,
				6148A8121C969B8C0049075F /* Resources */,
			);
			buildRules = (
			);
			dependencies = (
			);
			name = tableviewCellDemo;
			productName = tableviewCellDemo;
			productReference = 6148A8141C969B8C0049075F /* tableviewCellDemo.app */;
			productType = "com.apple.product-type.application";
		};
/* End PBXNativeTarget section */

/* Begin PBXProject section */
		6148A80C1C969B8C0049075F /* Project object */ = {
			isa = PBXProject;
			attributes = {
				LastUpgradeCheck = 0710;
				ORGANIZATIONNAME = cnbin;
				TargetAttributes = {
					6148A8131C969B8C0049075F = {
						CreatedOnToolsVersion = 7.1.1;
					};
				};
			};
			buildConfigurationList = 6148A80F1C969B8C0049075F /* Build configuration list for PBXProject "tableviewCellDemo" */;
			compatibilityVersion = "Xcode 3.2";
			developmentRegion = English;
			hasScannedForEncodings = 0;
			knownRegions = (
				en,
				Base,
			);
			mainGroup = 6148A80B1C969B8C0049075F;
			productRefGroup = 6148A8151C969B8C0049075F /* Products */;
			projectDirPath = "";
			projectRoot = "";
			targets = (
				6148A8131C969B8C0049075F /* tableviewCellDemo */,
			);
		};
/* End PBXProject section */

/* Begin PBXResourcesBuildPhase section */
		6148A8121C969B8C0049075F /* Resources */ = {
			isa = PBXResourcesBuildPhase;
			buildActionMask = 2147483647;
			files = (
				6148A8271C969B8C0049075F /* LaunchScreen.storyboard in Resources */,
				6148A8351C969BC70049075F /* SearchCell.xib in Resources */,
				6148A8241C969B8C0049075F /* Assets.xcassets in Resources */,
				6148A8221C969B8C0049075F /* Main.storyboard in Resources */,
			);
			runOnlyForDeploymentPostprocessing = 0;
		};
/* End PBXResourcesBuildPhase section */

/* Begin PBXSourcesBuildPhase section */
		6148A8101C969B8C0049075F /* Sources */ = {
			isa = PBXSourcesBuildPhase;
			buildActionMask = 2147483647;
			files = (
				6148A81F1C969B8C0049075F /* ViewController.m in Sources */,
				6148A8341C969BC70049075F /* SearchCell.m in Sources */,
				6148A81C1C969B8C0049075F /* AppDelegate.m in Sources */,
				6148A8191C969B8C0049075F /* main.m in Sources */,
			);
			runOnlyForDeploymentPostprocessing = 0;
		};
/* End PBXSourcesBuildPhase section */

/* Begin PBXVariantGroup section */
		6148A8201C969B8C0049075F /* Main.storyboard */ = {
			isa = PBXVariantGroup;
			children = (
				6148A8211C969B8C0049075F /* Base */,
			);
			name = Main.storyboard;
			sourceTree = "<group>";
		};
		6148A8251C969B8C0049075F /* LaunchScreen.storyboard */ = {
			isa = PBXVariantGroup;
			children = (
				6148A8261C969B8C0049075F /* Base */,
			);
			name = LaunchScreen.storyboard;
			sourceTree = "<group>";
		};
/* End PBXVariantGroup section */

/* Begin XCBuildConfiguration section */
		6148A8291C969B8C0049075F /* Debug */ = {
			isa = XCBuildConfiguration;
			buildSettings = {
				ALWAYS_SEARCH_USER_PATHS = NO;
				CLANG_CXX_LANGUAGE_STANDARD = "gnu++0x";
				CLANG_CXX_LIBRARY = "libc++";
				CLANG_ENABLE_MODULES = YES;
				CLANG_ENABLE_OBJC_ARC = YES;
				CLANG_WARN_BOOL_CONVERSION = YES;
				CLANG_WARN_CONSTANT_CONVERSION = YES;
				CLANG_WARN_DIRECT_OBJC_ISA_USAGE = YES_ERROR;
				CLANG_WARN_EMPTY_BODY = YES;
				CLANG_WARN_ENUM_CONVERSION = YES;
				CLANG_WARN_INT_CONVERSION = YES;
				CLANG_WARN_OBJC_ROOT_CLASS = YES_ERROR;
				CLANG_WARN_UNREACHABLE_CODE = YES;
				CLANG_WARN__DUPLICATE_METHOD_MATCH = YES;
				"CODE_SIGN_IDENTITY[sdk=iphoneos*]" = "iPhone Developer";
				COPY_PHASE_STRIP = NO;
				DEBUG_INFORMATION_FORMAT = dwarf;
				ENABLE_STRICT_OBJC_MSGSEND = YES;
				ENABLE_TESTABILITY = YES;
				GCC_C_LANGUAGE_STANDARD = gnu99;
				GCC_DYNAMIC_NO_PIC = NO;
				GCC_NO_COMMON_BLOCKS = YES;
				GCC_OPTIMIZATION_LEVEL = 0;
				GCC_PREPROCESSOR_DEFINITIONS = (
					"DEBUG=1",
					"$(inherited)",
				);
				GCC_WARN_64_TO_32_BIT_CONVERSION = YES;
				GCC_WARN_ABOUT_RETURN_TYPE = YES_ERROR;
				GCC_WARN_UNDECLARED_SELECTOR = YES;
				GCC_WARN_UNINITIALIZED_AUTOS = YES_AGGRESSIVE;
				GCC_WARN_UNUSED_FUNCTION = YES;
				GCC_WARN_UNUSED_VARIABLE = YES;
				IPHONEOS_DEPLOYMENT_TARGET = 9.1;
				MTL_ENABLE_DEBUG_INFO = YES;
				ONLY_ACTIVE_ARCH = YES;
				SDKROOT = iphoneos;
				TARGETED_DEVICE_FAMILY = "1,2";
			};
			name = Debug;
		};
		6148A82A1C969B8C0049075F /* Release */ = {
			isa = XCBuildConfiguration;
			buildSettings = {
				ALWAYS_SEARCH_USER_PATHS = NO;
				CLANG_CXX_LANGUAGE_STANDARD = "gnu++0x";
				CLANG_CXX_LIBRARY = "libc++";
				CLANG_ENABLE_MODULES = YES;
				CLANG_ENABLE_OBJC_ARC = YES;
				CLANG_WARN_BOOL_CONVERSION = YES;
				CLANG_WARN_CONSTANT_CONVERSION = YES;
				CLANG_WARN_DIRECT_OBJC_ISA_USAGE = YES_ERROR;
				CLANG_WARN_EMPTY_BODY = YES;
				CLANG_WARN_ENUM_CONVERSION = YES;
				CLANG_WARN_INT_CONVERSION = YES;
				CLANG_WARN_OBJC_ROOT_CLASS = YES_ERROR;
				CLANG_WARN_UNREACHABLE_CODE = YES;
				CLANG_WARN__DUPLICATE_METHOD_MATCH = YES;
				"CODE_SIGN_IDENTITY[sdk=iphoneos*]" = "iPhone Developer";
				COPY_PHASE_STRIP = NO;
				DEBUG_INFORMATION_FORMAT = "dwarf-with-dsym";
				ENABLE_NS_ASSERTIONS = NO;
				ENABLE_STRICT_OBJC_MSGSEND = YES;
				GCC_C_LANGUAGE_STANDARD = gnu99;
				GCC_NO_COMMON_BLOCKS = YES;
				GCC_WARN_64_TO_32_BIT_CONVERSION = YES;
				GCC_WARN_ABOUT_RETURN_TYPE = YES_ERROR;
				GCC_WARN_UNDECLARED_SELECTOR = YES;
				GCC_WARN_UNINITIALIZED_AUTOS = YES_AGGRESSIVE;
				GCC_WARN_UNUSED_FUNCTION = YES;
				GCC_WARN_UNUSED_VARIABLE = YES;
				IPHONEOS_DEPLOYMENT_TARGET = 9.1;
				MTL_ENABLE_DEBUG_INFO = NO;
				SDKROOT = iphoneos;
				TARGETED_DEVICE_FAMILY = "1,2";
				VALIDATE_PRODUCT = YES;
			};
			name = Release;
		};
		6148A82C1C969B8C0049075F /* Debug */ = {
			isa = XCBuildConfiguration;
			buildSettings = {
				ASSETCATALOG_COMPILER_APPICON_NAME = AppIcon;
				INFOPLIST_FILE = tableviewCellDemo/Info.plist;
				IPHONEOS_DEPLOYMENT_TARGET = 8.4;
				LD_RUNPATH_SEARCH_PATHS = "$(inherited) @executable_path/Frameworks";
				PRODUCT_BUNDLE_IDENTIFIER = cc.huaxun.tableviewCellDemo;
				PRODUCT_NAME = "$(TARGET_NAME)";
			};
			name = Debug;
		};
		6148A82D1C969B8C0049075F /* Release */ = {
			isa = XCBuildConfiguration;
			buildSettings = {
				ASSETCATALOG_COMPILER_APPICON_NAME = AppIcon;
				INFOPLIST_FILE = tableviewCellDemo/Info.plist;
				IPHONEOS_DEPLOYMENT_TARGET = 8.4;
				LD_RUNPATH_SEARCH_PATHS = "$(inherited) @executable_path/Frameworks";
				PRODUCT_BUNDLE_IDENTIFIER = cc.huaxun.tableviewCellDemo;
				PRODUCT_NAME = "$(TARGET_NAME)";
			};
			name = Release;
		};
/* End XCBuildConfiguration section */

/* Begin XCConfigurationList section */
		6148A80F1C969B8C0049075F /* Build configuration list for PBXProject "tableviewCellDemo" */ = {
			isa = XCConfigurationList;
			buildConfigurations = (
				6148A8291C969B8C0049075F /* Debug */,
				6148A82A1C969B8C0049075F /* Release */,
			);
			defaultConfigurationIsVisible = 0;
			defaultConfigurationName = Release;
		};
		6148A82B1C969B8C0049075F /* Build configuration list for PBXNativeTarget "tableviewCellDemo" */ = {
			isa = XCConfigurationList;
			buildConfigurations = (
				6148A82C1C969B8C0049075F /* Debug */,
				6148A82D1C969B8C0049075F /* Release */,
			);
			defaultConfigurationIsVisible = 0;
		};
/* End XCConfigurationList section */
	};
	rootObject = 6148A80C1C969B8C0049075F /* Project object */;
}
