// !$*UTF8*$!
{
	archiveVersion = 1;
	classes = {
	};
	objectVersion = 46;
	objects = {

/* Begin PBXBuildFile section */
		5C9F59391CE5BCFA00D8693D /* main.m in Sources */ = {isa = PBXBuildFile; fileRef = 5C9F59381CE5BCFA00D8693D /* main.m */; };
		5C9F593C1CE5BCFA00D8693D /* AppDelegate.m in Sources */ = {isa = PBXBuildFile; fileRef = 5C9F593B1CE5BCFA00D8693D /* AppDelegate.m */; };
		5C9F593F1CE5BCFA00D8693D /* ViewController.m in Sources */ = {isa = PBXBuildFile; fileRef = 5C9F593E1CE5BCFA00D8693D /* ViewController.m */; };
		5C9F59421CE5BCFA00D8693D /* Main.storyboard in Resources */ = {isa = PBXBuildFile; fileRef = 5C9F59401CE5BCFA00D8693D /* Main.storyboard */; };
		5C9F59441CE5BCFA00D8693D /* Assets.xcassets in Resources */ = {isa = PBXBuildFile; fileRef = 5C9F59431CE5BCFA00D8693D /* Assets.xcassets */; };
		5C9F59471CE5BCFA00D8693D /* LaunchScreen.storyboard in Resources */ = {isa = PBXBuildFile; fileRef = 5C9F59451CE5BCFA00D8693D /* LaunchScreen.storyboard */; };
		5C9F59521CE5BCFA00D8693D /* UIView_ChickTests.m in Sources */ = {isa = PBXBuildFile; fileRef = 5C9F59511CE5BCFA00D8693D /* UIView_ChickTests.m */; };
		5C9F595D1CE5BCFA00D8693D /* UIView_ChickUITests.m in Sources */ = {isa = PBXBuildFile; fileRef = 5C9F595C1CE5BCFA00D8693D /* UIView_ChickUITests.m */; };
		5C9F596C1CE5BD3900D8693D /* JXUIView+Touch.m in Sources */ = {isa = PBXBuildFile; fileRef = 5C9F596B1CE5BD3900D8693D /* JXUIView+Touch.m */; };
/* End PBXBuildFile section */

/* Begin PBXContainerItemProxy section */
		5C9F594E1CE5BCFA00D8693D /* PBXContainerItemProxy */ = {
			isa = PBXContainerItemProxy;
			containerPortal = 5C9F592C1CE5BCFA00D8693D /* Project object */;
			proxyType = 1;
			remoteGlobalIDString = 5C9F59331CE5BCFA00D8693D;
			remoteInfo = "UIView+Chick";
		};
		5C9F59591CE5BCFA00D8693D /* PBXContainerItemProxy */ = {
			isa = PBXContainerItemProxy;
			containerPortal = 5C9F592C1CE5BCFA00D8693D /* Project object */;
			proxyType = 1;
			remoteGlobalIDString = 5C9F59331CE5BCFA00D8693D;
			remoteInfo = "UIView+Chick";
		};
/* End PBXContainerItemProxy section */

/* Begin PBXFileReference section */
		5C9F59341CE5BCFA00D8693D /* UIView+Chick.app */ = {isa = PBXFileReference; explicitFileType = wrapper.application; includeInIndex = 0; path = "UIView+Chick.app"; sourceTree = BUILT_PRODUCTS_DIR; };
		5C9F59381CE5BCFA00D8693D /* main.m */ = {isa = PBXFileReference; lastKnownFileType = sourcecode.c.objc; path = main.m; sourceTree = "<group>"; };
		5C9F593A1CE5BCFA00D8693D /* AppDelegate.h */ = {isa = PBXFileReference; lastKnownFileType = sourcecode.c.h; path = AppDelegate.h; sourceTree = "<group>"; };
		5C9F593B1CE5BCFA00D8693D /* AppDelegate.m */ = {isa = PBXFileReference; lastKnownFileType = sourcecode.c.objc; path = AppDelegate.m; sourceTree = "<group>"; };
		5C9F593D1CE5BCFA00D8693D /* ViewController.h */ = {isa = PBXFileReference; lastKnownFileType = sourcecode.c.h; path = ViewController.h; sourceTree = "<group>"; };
		5C9F593E1CE5BCFA00D8693D /* ViewController.m */ = {isa = PBXFileReference; lastKnownFileType = sourcecode.c.objc; path = ViewController.m; sourceTree = "<group>"; };
		5C9F59411CE5BCFA00D8693D /* Base */ = {isa = PBXFileReference; lastKnownFileType = file.storyboard; name = Base; path = Base.lproj/Main.storyboard; sourceTree = "<group>"; };
		5C9F59431CE5BCFA00D8693D /* Assets.xcassets */ = {isa = PBXFileReference; lastKnownFileType = folder.assetcatalog; path = Assets.xcassets; sourceTree = "<group>"; };
		5C9F59461CE5BCFA00D8693D /* Base */ = {isa = PBXFileReference; lastKnownFileType = file.storyboard; name = Base; path = Base.lproj/LaunchScreen.storyboard; sourceTree = "<group>"; };
		5C9F59481CE5BCFA00D8693D /* Info.plist */ = {isa = PBXFileReference; lastKnownFileType = text.plist.xml; path = Info.plist; sourceTree = "<group>"; };
		5C9F594D1CE5BCFA00D8693D /* UIView+ChickTests.xctest */ = {isa = PBXFileReference; explicitFileType = wrapper.cfbundle; includeInIndex = 0; path = "UIView+ChickTests.xctest"; sourceTree = BUILT_PRODUCTS_DIR; };
		5C9F59511CE5BCFA00D8693D /* UIView_ChickTests.m */ = {isa = PBXFileReference; lastKnownFileType = sourcecode.c.objc; path = UIView_ChickTests.m; sourceTree = "<group>"; };
		5C9F59531CE5BCFA00D8693D /* Info.plist */ = {isa = PBXFileReference; lastKnownFileType = text.plist.xml; path = Info.plist; sourceTree = "<group>"; };
		5C9F59581CE5BCFA00D8693D /* UIView+ChickUITests.xctest */ = {isa = PBXFileReference; explicitFileType = wrapper.cfbundle; includeInIndex = 0; path = "UIView+ChickUITests.xctest"; sourceTree = BUILT_PRODUCTS_DIR; };
		5C9F595C1CE5BCFA00D8693D /* UIView_ChickUITests.m */ = {isa = PBXFileReference; lastKnownFileType = sourcecode.c.objc; path = UIView_ChickUITests.m; sourceTree = "<group>"; };
		5C9F595E1CE5BCFA00D8693D /* Info.plist */ = {isa = PBXFileReference; lastKnownFileType = text.plist.xml; path = Info.plist; sourceTree = "<group>"; };
		5C9F596A1CE5BD3900D8693D /* JXUIView+Touch.h */ = {isa = PBXFileReference; fileEncoding = 4; lastKnownFileType = sourcecode.c.h; path = "JXUIView+Touch.h"; sourceTree = "<group>"; };
		5C9F596B1CE5BD3900D8693D /* JXUIView+Touch.m */ = {isa = PBXFileReference; fileEncoding = 4; lastKnownFileType = sourcecode.c.objc; path = "JXUIView+Touch.m"; sourceTree = "<group>"; };
/* End PBXFileReference section */

/* Begin PBXFrameworksBuildPhase section */
		5C9F59311CE5BCFA00D8693D /* Frameworks */ = {
			isa = PBXFrameworksBuildPhase;
			buildActionMask = 2147483647;
			files = (
			);
			runOnlyForDeploymentPostprocessing = 0;
		};
		5C9F594A1CE5BCFA00D8693D /* Frameworks */ = {
			isa = PBXFrameworksBuildPhase;
			buildActionMask = 2147483647;
			files = (
			);
			runOnlyForDeploymentPostprocessing = 0;
		};
		5C9F59551CE5BCFA00D8693D /* Frameworks */ = {
			isa = PBXFrameworksBuildPhase;
			buildActionMask = 2147483647;
			files = (
			);
			runOnlyForDeploymentPostprocessing = 0;
		};
/* End PBXFrameworksBuildPhase section */

/* Begin PBXGroup section */
		5C9F592B1CE5BCFA00D8693D = {
			isa = PBXGroup;
			children = (
				5C9F59361CE5BCFA00D8693D /* UIView+Chick */,
				5C9F59501CE5BCFA00D8693D /* UIView+ChickTests */,
				5C9F595B1CE5BCFA00D8693D /* UIView+ChickUITests */,
				5C9F59351CE5BCFA00D8693D /* Products */,
			);
			sourceTree = "<group>";
		};
		5C9F59351CE5BCFA00D8693D /* Products */ = {
			isa = PBXGroup;
			children = (
				5C9F59341CE5BCFA00D8693D /* UIView+Chick.app */,
				5C9F594D1CE5BCFA00D8693D /* UIView+ChickTests.xctest */,
				5C9F59581CE5BCFA00D8693D /* UIView+ChickUITests.xctest */,
			);
			name = Products;
			sourceTree = "<group>";
		};
		5C9F59361CE5BCFA00D8693D /* UIView+Chick */ = {
			isa = PBXGroup;
			children = (
				5C9F593A1CE5BCFA00D8693D /* AppDelegate.h */,
				5C9F593B1CE5BCFA00D8693D /* AppDelegate.m */,
				5C9F593D1CE5BCFA00D8693D /* ViewController.h */,
				5C9F593E1CE5BCFA00D8693D /* ViewController.m */,
				5C9F596A1CE5BD3900D8693D /* JXUIView+Touch.h */,
				5C9F596B1CE5BD3900D8693D /* JXUIView+Touch.m */,
				5C9F59401CE5BCFA00D8693D /* Main.storyboard */,
				5C9F59431CE5BCFA00D8693D /* Assets.xcassets */,
				5C9F59451CE5BCFA00D8693D /* LaunchScreen.storyboard */,
				5C9F59481CE5BCFA00D8693D /* Info.plist */,
				5C9F59371CE5BCFA00D8693D /* Supporting Files */,
			);
			path = "UIView+Chick";
			sourceTree = "<group>";
		};
		5C9F59371CE5BCFA00D8693D /* Supporting Files */ = {
			isa = PBXGroup;
			children = (
				5C9F59381CE5BCFA00D8693D /* main.m */,
			);
			name = "Supporting Files";
			sourceTree = "<group>";
		};
		5C9F59501CE5BCFA00D8693D /* UIView+ChickTests */ = {
			isa = PBXGroup;
			children = (
				5C9F59511CE5BCFA00D8693D /* UIView_ChickTests.m */,
				5C9F59531CE5BCFA00D8693D /* Info.plist */,
			);
			path = "UIView+ChickTests";
			sourceTree = "<group>";
		};
		5C9F595B1CE5BCFA00D8693D /* UIView+ChickUITests */ = {
			isa = PBXGroup;
			children = (
				5C9F595C1CE5BCFA00D8693D /* UIView_ChickUITests.m */,
				5C9F595E1CE5BCFA00D8693D /* Info.plist */,
			);
			path = "UIView+ChickUITests";
			sourceTree = "<group>";
		};
/* End PBXGroup section */

/* Begin PBXNativeTarget section */
		5C9F59331CE5BCFA00D8693D /* UIView+Chick */ = {
			isa = PBXNativeTarget;
			buildConfigurationList = 5C9F59611CE5BCFA00D8693D /* Build configuration list for PBXNativeTarget "UIView+Chick" */;
			buildPhases = (
				5C9F59301CE5BCFA00D8693D /* Sources */,
				5C9F59311CE5BCFA00D8693D /* Frameworks */,
				5C9F59321CE5BCFA00D8693D /* Resources */,
			);
			buildRules = (
			);
			dependencies = (
			);
			name = "UIView+Chick";
			productName = "UIView+Chick";
			productReference = 5C9F59341CE5BCFA00D8693D /* UIView+Chick.app */;
			productType = "com.apple.product-type.application";
		};
		5C9F594C1CE5BCFA00D8693D /* UIView+ChickTests */ = {
			isa = PBXNativeTarget;
			buildConfigurationList = 5C9F59641CE5BCFA00D8693D /* Build configuration list for PBXNativeTarget "UIView+ChickTests" */;
			buildPhases = (
				5C9F59491CE5BCFA00D8693D /* Sources */,
				5C9F594A1CE5BCFA00D8693D /* Frameworks */,
				5C9F594B1CE5BCFA00D8693D /* Resources */,
			);
			buildRules = (
			);
			dependencies = (
				5C9F594F1CE5BCFA00D8693D /* PBXTargetDependency */,
			);
			name = "UIView+ChickTests";
			productName = "UIView+ChickTests";
			productReference = 5C9F594D1CE5BCFA00D8693D /* UIView+ChickTests.xctest */;
			productType = "com.apple.product-type.bundle.unit-test";
		};
		5C9F59571CE5BCFA00D8693D /* UIView+ChickUITests */ = {
			isa = PBXNativeTarget;
			buildConfigurationList = 5C9F59671CE5BCFA00D8693D /* Build configuration list for PBXNativeTarget "UIView+ChickUITests" */;
			buildPhases = (
				5C9F59541CE5BCFA00D8693D /* Sources */,
				5C9F59551CE5BCFA00D8693D /* Frameworks */,
				5C9F59561CE5BCFA00D8693D /* Resources */,
			);
			buildRules = (
			);
			dependencies = (
				5C9F595A1CE5BCFA00D8693D /* PBXTargetDependency */,
			);
			name = "UIView+ChickUITests";
			productName = "UIView+ChickUITests";
			productReference = 5C9F59581CE5BCFA00D8693D /* UIView+ChickUITests.xctest */;
			productType = "com.apple.product-type.bundle.ui-testing";
		};
/* End PBXNativeTarget section */

/* Begin PBXProject section */
		5C9F592C1CE5BCFA00D8693D /* Project object */ = {
			isa = PBXProject;
			attributes = {
				LastUpgradeCheck = 0730;
				ORGANIZATIONNAME = ZhuJX;
				TargetAttributes = {
					5C9F59331CE5BCFA00D8693D = {
						CreatedOnToolsVersion = 7.3.1;
					};
					5C9F594C1CE5BCFA00D8693D = {
						CreatedOnToolsVersion = 7.3.1;
						TestTargetID = 5C9F59331CE5BCFA00D8693D;
					};
					5C9F59571CE5BCFA00D8693D = {
						CreatedOnToolsVersion = 7.3.1;
						TestTargetID = 5C9F59331CE5BCFA00D8693D;
					};
				};
			};
			buildConfigurationList = 5C9F592F1CE5BCFA00D8693D /* Build configuration list for PBXProject "UIView+Chick" */;
			compatibilityVersion = "Xcode 3.2";
			developmentRegion = English;
			hasScannedForEncodings = 0;
			knownRegions = (
				en,
				Base,
			);
			mainGroup = 5C9F592B1CE5BCFA00D8693D;
			productRefGroup = 5C9F59351CE5BCFA00D8693D /* Products */;
			projectDirPath = "";
			projectRoot = "";
			targets = (
				5C9F59331CE5BCFA00D8693D /* UIView+Chick */,
				5C9F594C1CE5BCFA00D8693D /* UIView+ChickTests */,
				5C9F59571CE5BCFA00D8693D /* UIView+ChickUITests */,
			);
		};
/* End PBXProject section */

/* Begin PBXResourcesBuildPhase section */
		5C9F59321CE5BCFA00D8693D /* Resources */ = {
			isa = PBXResourcesBuildPhase;
			buildActionMask = 2147483647;
			files = (
				5C9F59471CE5BCFA00D8693D /* LaunchScreen.storyboard in Resources */,
				5C9F59441CE5BCFA00D8693D /* Assets.xcassets in Resources */,
				5C9F59421CE5BCFA00D8693D /* Main.storyboard in Resources */,
			);
			runOnlyForDeploymentPostprocessing = 0;
		};
		5C9F594B1CE5BCFA00D8693D /* Resources */ = {
			isa = PBXResourcesBuildPhase;
			buildActionMask = 2147483647;
			files = (
			);
			runOnlyForDeploymentPostprocessing = 0;
		};
		5C9F59561CE5BCFA00D8693D /* Resources */ = {
			isa = PBXResourcesBuildPhase;
			buildActionMask = 2147483647;
			files = (
			);
			runOnlyForDeploymentPostprocessing = 0;
		};
/* End PBXResourcesBuildPhase section */

/* Begin PBXSourcesBuildPhase section */
		5C9F59301CE5BCFA00D8693D /* Sources */ = {
			isa = PBXSourcesBuildPhase;
			buildActionMask = 2147483647;
			files = (
				5C9F596C1CE5BD3900D8693D /* JXUIView+Touch.m in Sources */,
				5C9F593F1CE5BCFA00D8693D /* ViewController.m in Sources */,
				5C9F593C1CE5BCFA00D8693D /* AppDelegate.m in Sources */,
				5C9F59391CE5BCFA00D8693D /* main.m in Sources */,
			);
			runOnlyForDeploymentPostprocessing = 0;
		};
		5C9F59491CE5BCFA00D8693D /* Sources */ = {
			isa = PBXSourcesBuildPhase;
			buildActionMask = 2147483647;
			files = (
				5C9F59521CE5BCFA00D8693D /* UIView_ChickTests.m in Sources */,
			);
			runOnlyForDeploymentPostprocessing = 0;
		};
		5C9F59541CE5BCFA00D8693D /* Sources */ = {
			isa = PBXSourcesBuildPhase;
			buildActionMask = 2147483647;
			files = (
				5C9F595D1CE5BCFA00D8693D /* UIView_ChickUITests.m in Sources */,
			);
			runOnlyForDeploymentPostprocessing = 0;
		};
/* End PBXSourcesBuildPhase section */

/* Begin PBXTargetDependency section */
		5C9F594F1CE5BCFA00D8693D /* PBXTargetDependency */ = {
			isa = PBXTargetDependency;
			target = 5C9F59331CE5BCFA00D8693D /* UIView+Chick */;
			targetProxy = 5C9F594E1CE5BCFA00D8693D /* PBXContainerItemProxy */;
		};
		5C9F595A1CE5BCFA00D8693D /* PBXTargetDependency */ = {
			isa = PBXTargetDependency;
			target = 5C9F59331CE5BCFA00D8693D /* UIView+Chick */;
			targetProxy = 5C9F59591CE5BCFA00D8693D /* PBXContainerItemProxy */;
		};
/* End PBXTargetDependency section */

/* Begin PBXVariantGroup section */
		5C9F59401CE5BCFA00D8693D /* Main.storyboard */ = {
			isa = PBXVariantGroup;
			children = (
				5C9F59411CE5BCFA00D8693D /* Base */,
			);
			name = Main.storyboard;
			sourceTree = "<group>";
		};
		5C9F59451CE5BCFA00D8693D /* LaunchScreen.storyboard */ = {
			isa = PBXVariantGroup;
			children = (
				5C9F59461CE5BCFA00D8693D /* Base */,
			);
			name = LaunchScreen.storyboard;
			sourceTree = "<group>";
		};
/* End PBXVariantGroup section */

/* Begin XCBuildConfiguration section */
		5C9F595F1CE5BCFA00D8693D /* Debug */ = {
			isa = XCBuildConfiguration;
			buildSettings = {
				ALWAYS_SEARCH_USER_PATHS = NO;
				CLANG_ANALYZER_NONNULL = YES;
				CLANG_CXX_LANGUAGE_STANDARD = "gnu++0x";
				CLANG_CXX_LIBRARY = "libc++";
				CLANG_ENABLE_MODULES = YES;
				CLANG_ENABLE_OBJC_ARC = YES;
				CLANG_WARN_BOOL_CONVERSION = YES;
				CLANG_WARN_CONSTANT_CONVERSION = YES;
				CLANG_WARN_DIRECT_OBJC_ISA_USAGE = YES_ERROR;
				CLANG_WARN_EMPTY_BODY = YES;
				CLANG_WARN_ENUM_CONVERSION = YES;
				CLANG_WARN_INT_CONVERSION = YES;
				CLANG_WARN_OBJC_ROOT_CLASS = YES_ERROR;
				CLANG_WARN_UNREACHABLE_CODE = YES;
				CLANG_WARN__DUPLICATE_METHOD_MATCH = YES;
				"CODE_SIGN_IDENTITY[sdk=iphoneos*]" = "iPhone Developer";
				COPY_PHASE_STRIP = NO;
				DEBUG_INFORMATION_FORMAT = dwarf;
				ENABLE_STRICT_OBJC_MSGSEND = YES;
				ENABLE_TESTABILITY = YES;
				GCC_C_LANGUAGE_STANDARD = gnu99;
				GCC_DYNAMIC_NO_PIC = NO;
				GCC_NO_COMMON_BLOCKS = YES;
				GCC_OPTIMIZATION_LEVEL = 0;
				GCC_PREPROCESSOR_DEFINITIONS = (
					"DEBUG=1",
					"$(inherited)",
				);
				GCC_WARN_64_TO_32_BIT_CONVERSION = YES;
				GCC_WARN_ABOUT_RETURN_TYPE = YES_ERROR;
				GCC_WARN_UNDECLARED_SELECTOR = YES;
				GCC_WARN_UNINITIALIZED_AUTOS = YES_AGGRESSIVE;
				GCC_WARN_UNUSED_FUNCTION = YES;
				GCC_WARN_UNUSED_VARIABLE = YES;
				IPHONEOS_DEPLOYMENT_TARGET = 9.3;
				MTL_ENABLE_DEBUG_INFO = YES;
				ONLY_ACTIVE_ARCH = YES;
				SDKROOT = iphoneos;
				TARGETED_DEVICE_FAMILY = "1,2";
			};
			name = Debug;
		};
		5C9F59601CE5BCFA00D8693D /* Release */ = {
			isa = XCBuildConfiguration;
			buildSettings = {
				ALWAYS_SEARCH_USER_PATHS = NO;
				CLANG_ANALYZER_NONNULL = YES;
				CLANG_CXX_LANGUAGE_STANDARD = "gnu++0x";
				CLANG_CXX_LIBRARY = "libc++";
				CLANG_ENABLE_MODULES = YES;
				CLANG_ENABLE_OBJC_ARC = YES;
				CLANG_WARN_BOOL_CONVERSION = YES;
				CLANG_WARN_CONSTANT_CONVERSION = YES;
				CLANG_WARN_DIRECT_OBJC_ISA_USAGE = YES_ERROR;
				CLANG_WARN_EMPTY_BODY = YES;
				CLANG_WARN_ENUM_CONVERSION = YES;
				CLANG_WARN_INT_CONVERSION = YES;
				CLANG_WARN_OBJC_ROOT_CLASS = YES_ERROR;
				CLANG_WARN_UNREACHABLE_CODE = YES;
				CLANG_WARN__DUPLICATE_METHOD_MATCH = YES;
				"CODE_SIGN_IDENTITY[sdk=iphoneos*]" = "iPhone Developer";
				COPY_PHASE_STRIP = NO;
				DEBUG_INFORMATION_FORMAT = "dwarf-with-dsym";
				ENABLE_NS_ASSERTIONS = NO;
				ENABLE_STRICT_OBJC_MSGSEND = YES;
				GCC_C_LANGUAGE_STANDARD = gnu99;
				GCC_NO_COMMON_BLOCKS = YES;
				GCC_WARN_64_TO_32_BIT_CONVERSION = YES;
				GCC_WARN_ABOUT_RETURN_TYPE = YES_ERROR;
				GCC_WARN_UNDECLARED_SELECTOR = YES;
				GCC_WARN_UNINITIALIZED_AUTOS = YES_AGGRESSIVE;
				GCC_WARN_UNUSED_FUNCTION = YES;
				GCC_WARN_UNUSED_VARIABLE = YES;
				IPHONEOS_DEPLOYMENT_TARGET = 9.3;
				MTL_ENABLE_DEBUG_INFO = NO;
				SDKROOT = iphoneos;
				TARGETED_DEVICE_FAMILY = "1,2";
				VALIDATE_PRODUCT = YES;
			};
			name = Release;
		};
		5C9F59621CE5BCFA00D8693D /* Debug */ = {
			isa = XCBuildConfiguration;
			buildSettings = {
				ASSETCATALOG_COMPILER_APPICON_NAME = AppIcon;
				INFOPLIST_FILE = "UIView+Chick/Info.plist";
				IPHONEOS_DEPLOYMENT_TARGET = 9.0;
				LD_RUNPATH_SEARCH_PATHS = "$(inherited) @executable_path/Frameworks";
				PRODUCT_BUNDLE_IDENTIFIER = "ZhuJX.UIView-Chick";
				PRODUCT_NAME = "$(TARGET_NAME)";
			};
			name = Debug;
		};
		5C9F59631CE5BCFA00D8693D /* Release */ = {
			isa = XCBuildConfiguration;
			buildSettings = {
				ASSETCATALOG_COMPILER_APPICON_NAME = AppIcon;
				INFOPLIST_FILE = "UIView+Chick/Info.plist";
				IPHONEOS_DEPLOYMENT_TARGET = 9.0;
				LD_RUNPATH_SEARCH_PATHS = "$(inherited) @executable_path/Frameworks";
				PRODUCT_BUNDLE_IDENTIFIER = "ZhuJX.UIView-Chick";
				PRODUCT_NAME = "$(TARGET_NAME)";
			};
			name = Release;
		};
		5C9F59651CE5BCFA00D8693D /* Debug */ = {
			isa = XCBuildConfiguration;
			buildSettings = {
				BUNDLE_LOADER = "$(TEST_HOST)";
				INFOPLIST_FILE = "UIView+ChickTests/Info.plist";
				LD_RUNPATH_SEARCH_PATHS = "$(inherited) @executable_path/Frameworks @loader_path/Frameworks";
				PRODUCT_BUNDLE_IDENTIFIER = "ZhuJX.UIView-ChickTests";
				PRODUCT_NAME = "$(TARGET_NAME)";
				TEST_HOST = "$(BUILT_PRODUCTS_DIR)/UIView+Chick.app/UIView+Chick";
			};
			name = Debug;
		};
		5C9F59661CE5BCFA00D8693D /* Release */ = {
			isa = XCBuildConfiguration;
			buildSettings = {
				BUNDLE_LOADER = "$(TEST_HOST)";
				INFOPLIST_FILE = "UIView+ChickTests/Info.plist";
				LD_RUNPATH_SEARCH_PATHS = "$(inherited) @executable_path/Frameworks @loader_path/Frameworks";
				PRODUCT_BUNDLE_IDENTIFIER = "ZhuJX.UIView-ChickTests";
				PRODUCT_NAME = "$(TARGET_NAME)";
				TEST_HOST = "$(BUILT_PRODUCTS_DIR)/UIView+Chick.app/UIView+Chick";
			};
			name = Release;
		};
		5C9F59681CE5BCFA00D8693D /* Debug */ = {
			isa = XCBuildConfiguration;
			buildSettings = {
				INFOPLIST_FILE = "UIView+ChickUITests/Info.plist";
				LD_RUNPATH_SEARCH_PATHS = "$(inherited) @executable_path/Frameworks @loader_path/Frameworks";
				PRODUCT_BUNDLE_IDENTIFIER = "ZhuJX.UIView-ChickUITests";
				PRODUCT_NAME = "$(TARGET_NAME)";
				TEST_TARGET_NAME = "UIView+Chick";
			};
			name = Debug;
		};
		5C9F59691CE5BCFA00D8693D /* Release */ = {
			isa = XCBuildConfiguration;
			buildSettings = {
				INFOPLIST_FILE = "UIView+ChickUITests/Info.plist";
				LD_RUNPATH_SEARCH_PATHS = "$(inherited) @executable_path/Frameworks @loader_path/Frameworks";
				PRODUCT_BUNDLE_IDENTIFIER = "ZhuJX.UIView-ChickUITests";
				PRODUCT_NAME = "$(TARGET_NAME)";
				TEST_TARGET_NAME = "UIView+Chick";
			};
			name = Release;
		};
/* End XCBuildConfiguration section */

/* Begin XCConfigurationList section */
		5C9F592F1CE5BCFA00D8693D /* Build configuration list for PBXProject "UIView+Chick" */ = {
			isa = XCConfigurationList;
			buildConfigurations = (
				5C9F595F1CE5BCFA00D8693D /* Debug */,
				5C9F59601CE5BCFA00D8693D /* Release */,
			);
			defaultConfigurationIsVisible = 0;
			defaultConfigurationName = Release;
		};
		5C9F59611CE5BCFA00D8693D /* Build configuration list for PBXNativeTarget "UIView+Chick" */ = {
			isa = XCConfigurationList;
			buildConfigurations = (
				5C9F59621CE5BCFA00D8693D /* Debug */,
				5C9F59631CE5BCFA00D8693D /* Release */,
			);
			defaultConfigurationIsVisible = 0;
			defaultConfigurationName = Release;
		};
		5C9F59641CE5BCFA00D8693D /* Build configuration list for PBXNativeTarget "UIView+ChickTests" */ = {
			isa = XCConfigurationList;
			buildConfigurations = (
				5C9F59651CE5BCFA00D8693D /* Debug */,
				5C9F59661CE5BCFA00D8693D /* Release */,
			);
			defaultConfigurationIsVisible = 0;
			defaultConfigurationName = Release;
		};
		5C9F59671CE5BCFA00D8693D /* Build configuration list for PBXNativeTarget "UIView+ChickUITests" */ = {
			isa = XCConfigurationList;
			buildConfigurations = (
				5C9F59681CE5BCFA00D8693D /* Debug */,
				5C9F59691CE5BCFA00D8693D /* Release */,
			);
			defaultConfigurationIsVisible = 0;
			defaultConfigurationName = Release;
		};
/* End XCConfigurationList section */
	};
	rootObject = 5C9F592C1CE5BCFA00D8693D /* Project object */;
}
