// !$*UTF8*$!
{
	archiveVersion = 1;
	classes = {
	};
	objectVersion = 46;
	objects = {

/* Begin PBXBuildFile section */
		61E49FC31CDACC6E000E2162 /* main.m in Sources */ = {isa = PBXBuildFile; fileRef = 61E49FC21CDACC6E000E2162 /* main.m */; };
		61E49FC61CDACC6E000E2162 /* AppDelegate.m in Sources */ = {isa = PBXBuildFile; fileRef = 61E49FC51CDACC6E000E2162 /* AppDelegate.m */; };
		61E49FC91CDACC6E000E2162 /* ViewController.m in Sources */ = {isa = PBXBuildFile; fileRef = 61E49FC81CDACC6E000E2162 /* ViewController.m */; };
		61E49FCC1CDACC6E000E2162 /* Main.storyboard in Resources */ = {isa = PBXBuildFile; fileRef = 61E49FCA1CDACC6E000E2162 /* Main.storyboard */; };
		61E49FCE1CDACC6E000E2162 /* Assets.xcassets in Resources */ = {isa = PBXBuildFile; fileRef = 61E49FCD1CDACC6E000E2162 /* Assets.xcassets */; };
		61E49FD11CDACC6E000E2162 /* LaunchScreen.storyboard in Resources */ = {isa = PBXBuildFile; fileRef = 61E49FCF1CDACC6E000E2162 /* LaunchScreen.storyboard */; };
		61E49FD91CDAD4C2000E2162 /* dataPlist.plist in Resources */ = {isa = PBXBuildFile; fileRef = 61E49FD81CDAD4C2000E2162 /* dataPlist.plist */; };
		61E49FDC1CDAE319000E2162 /* Cell1.m in Sources */ = {isa = PBXBuildFile; fileRef = 61E49FDB1CDAE319000E2162 /* Cell1.m */; };
		9DBFAC7561B311F24D6154AE /* libPods.a in Frameworks */ = {isa = PBXBuildFile; fileRef = 079283A4554479C268463FBA /* libPods.a */; };
/* End PBXBuildFile section */

/* Begin PBXFileReference section */
		009865F9586D4C20266AC6E7 /* Pods.release.xcconfig */ = {isa = PBXFileReference; includeInIndex = 1; lastKnownFileType = text.xcconfig; name = Pods.release.xcconfig; path = "Pods/Target Support Files/Pods/Pods.release.xcconfig"; sourceTree = "<group>"; };
		079283A4554479C268463FBA /* libPods.a */ = {isa = PBXFileReference; explicitFileType = archive.ar; includeInIndex = 0; path = libPods.a; sourceTree = BUILT_PRODUCTS_DIR; };
		61E49FBE1CDACC6E000E2162 /* ScrollMenu.app */ = {isa = PBXFileReference; explicitFileType = wrapper.application; includeInIndex = 0; path = ScrollMenu.app; sourceTree = BUILT_PRODUCTS_DIR; };
		61E49FC21CDACC6E000E2162 /* main.m */ = {isa = PBXFileReference; lastKnownFileType = sourcecode.c.objc; path = main.m; sourceTree = "<group>"; };
		61E49FC41CDACC6E000E2162 /* AppDelegate.h */ = {isa = PBXFileReference; lastKnownFileType = sourcecode.c.h; path = AppDelegate.h; sourceTree = "<group>"; };
		61E49FC51CDACC6E000E2162 /* AppDelegate.m */ = {isa = PBXFileReference; lastKnownFileType = sourcecode.c.objc; path = AppDelegate.m; sourceTree = "<group>"; };
		61E49FC71CDACC6E000E2162 /* ViewController.h */ = {isa = PBXFileReference; lastKnownFileType = sourcecode.c.h; path = ViewController.h; sourceTree = "<group>"; };
		61E49FC81CDACC6E000E2162 /* ViewController.m */ = {isa = PBXFileReference; lastKnownFileType = sourcecode.c.objc; path = ViewController.m; sourceTree = "<group>"; };
		61E49FCB1CDACC6E000E2162 /* Base */ = {isa = PBXFileReference; lastKnownFileType = file.storyboard; name = Base; path = Base.lproj/Main.storyboard; sourceTree = "<group>"; };
		61E49FCD1CDACC6E000E2162 /* Assets.xcassets */ = {isa = PBXFileReference; lastKnownFileType = folder.assetcatalog; path = Assets.xcassets; sourceTree = "<group>"; };
		61E49FD01CDACC6E000E2162 /* Base */ = {isa = PBXFileReference; lastKnownFileType = file.storyboard; name = Base; path = Base.lproj/LaunchScreen.storyboard; sourceTree = "<group>"; };
		61E49FD21CDACC6E000E2162 /* Info.plist */ = {isa = PBXFileReference; lastKnownFileType = text.plist.xml; path = Info.plist; sourceTree = "<group>"; };
		61E49FD81CDAD4C2000E2162 /* dataPlist.plist */ = {isa = PBXFileReference; fileEncoding = 4; lastKnownFileType = text.plist.xml; path = dataPlist.plist; sourceTree = "<group>"; };
		61E49FDA1CDAE319000E2162 /* Cell1.h */ = {isa = PBXFileReference; fileEncoding = 4; lastKnownFileType = sourcecode.c.h; path = Cell1.h; sourceTree = "<group>"; };
		61E49FDB1CDAE319000E2162 /* Cell1.m */ = {isa = PBXFileReference; fileEncoding = 4; lastKnownFileType = sourcecode.c.objc; path = Cell1.m; sourceTree = "<group>"; };
		7EF349102D86CA6D6FBCBE38 /* Pods.debug.xcconfig */ = {isa = PBXFileReference; includeInIndex = 1; lastKnownFileType = text.xcconfig; name = Pods.debug.xcconfig; path = "Pods/Target Support Files/Pods/Pods.debug.xcconfig"; sourceTree = "<group>"; };
/* End PBXFileReference section */

/* Begin PBXFrameworksBuildPhase section */
		61E49FBB1CDACC6E000E2162 /* Frameworks */ = {
			isa = PBXFrameworksBuildPhase;
			buildActionMask = 2147483647;
			files = (
				9DBFAC7561B311F24D6154AE /* libPods.a in Frameworks */,
			);
			runOnlyForDeploymentPostprocessing = 0;
		};
/* End PBXFrameworksBuildPhase section */

/* Begin PBXGroup section */
		1A582C77FD8D9B0B12EF71CA /* Pods */ = {
			isa = PBXGroup;
			children = (
				7EF349102D86CA6D6FBCBE38 /* Pods.debug.xcconfig */,
				009865F9586D4C20266AC6E7 /* Pods.release.xcconfig */,
			);
			name = Pods;
			sourceTree = "<group>";
		};
		61E49FB51CDACC6E000E2162 = {
			isa = PBXGroup;
			children = (
				61E49FC01CDACC6E000E2162 /* ScrollMenu */,
				61E49FBF1CDACC6E000E2162 /* Products */,
				1A582C77FD8D9B0B12EF71CA /* Pods */,
				D380060FDCD9EBBF4064632D /* Frameworks */,
			);
			sourceTree = "<group>";
		};
		61E49FBF1CDACC6E000E2162 /* Products */ = {
			isa = PBXGroup;
			children = (
				61E49FBE1CDACC6E000E2162 /* ScrollMenu.app */,
			);
			name = Products;
			sourceTree = "<group>";
		};
		61E49FC01CDACC6E000E2162 /* ScrollMenu */ = {
			isa = PBXGroup;
			children = (
				61E49FC41CDACC6E000E2162 /* AppDelegate.h */,
				61E49FC51CDACC6E000E2162 /* AppDelegate.m */,
				61E49FC71CDACC6E000E2162 /* ViewController.h */,
				61E49FC81CDACC6E000E2162 /* ViewController.m */,
				61E49FCA1CDACC6E000E2162 /* Main.storyboard */,
				61E49FCD1CDACC6E000E2162 /* Assets.xcassets */,
				61E49FCF1CDACC6E000E2162 /* LaunchScreen.storyboard */,
				61E49FD21CDACC6E000E2162 /* Info.plist */,
				61E49FC11CDACC6E000E2162 /* Supporting Files */,
				61E49FD81CDAD4C2000E2162 /* dataPlist.plist */,
				61E49FDA1CDAE319000E2162 /* Cell1.h */,
				61E49FDB1CDAE319000E2162 /* Cell1.m */,
			);
			path = ScrollMenu;
			sourceTree = "<group>";
		};
		61E49FC11CDACC6E000E2162 /* Supporting Files */ = {
			isa = PBXGroup;
			children = (
				61E49FC21CDACC6E000E2162 /* main.m */,
			);
			name = "Supporting Files";
			sourceTree = "<group>";
		};
		D380060FDCD9EBBF4064632D /* Frameworks */ = {
			isa = PBXGroup;
			children = (
				079283A4554479C268463FBA /* libPods.a */,
			);
			name = Frameworks;
			sourceTree = "<group>";
		};
/* End PBXGroup section */

/* Begin PBXNativeTarget section */
		61E49FBD1CDACC6E000E2162 /* ScrollMenu */ = {
			isa = PBXNativeTarget;
			buildConfigurationList = 61E49FD51CDACC6E000E2162 /* Build configuration list for PBXNativeTarget "ScrollMenu" */;
			buildPhases = (
				EF6C97F8C3AFFDB0697A0211 /* Check Pods Manifest.lock */,
				61E49FBA1CDACC6E000E2162 /* Sources */,
				61E49FBB1CDACC6E000E2162 /* Frameworks */,
				61E49FBC1CDACC6E000E2162 /* Resources */,
				1A09D52813E250D565CA78CB /* Embed Pods Frameworks */,
				1F559CAFCECD999135019041 /* Copy Pods Resources */,
			);
			buildRules = (
			);
			dependencies = (
			);
			name = ScrollMenu;
			productName = ScrollMenu;
			productReference = 61E49FBE1CDACC6E000E2162 /* ScrollMenu.app */;
			productType = "com.apple.product-type.application";
		};
/* End PBXNativeTarget section */

/* Begin PBXProject section */
		61E49FB61CDACC6E000E2162 /* Project object */ = {
			isa = PBXProject;
			attributes = {
				LastUpgradeCheck = 0710;
				ORGANIZATIONNAME = cnbin;
				TargetAttributes = {
					61E49FBD1CDACC6E000E2162 = {
						CreatedOnToolsVersion = 7.1.1;
					};
				};
			};
			buildConfigurationList = 61E49FB91CDACC6E000E2162 /* Build configuration list for PBXProject "ScrollMenu" */;
			compatibilityVersion = "Xcode 3.2";
			developmentRegion = English;
			hasScannedForEncodings = 0;
			knownRegions = (
				en,
				Base,
			);
			mainGroup = 61E49FB51CDACC6E000E2162;
			productRefGroup = 61E49FBF1CDACC6E000E2162 /* Products */;
			projectDirPath = "";
			projectRoot = "";
			targets = (
				61E49FBD1CDACC6E000E2162 /* ScrollMenu */,
			);
		};
/* End PBXProject section */

/* Begin PBXResourcesBuildPhase section */
		61E49FBC1CDACC6E000E2162 /* Resources */ = {
			isa = PBXResourcesBuildPhase;
			buildActionMask = 2147483647;
			files = (
				61E49FD11CDACC6E000E2162 /* LaunchScreen.storyboard in Resources */,
				61E49FCE1CDACC6E000E2162 /* Assets.xcassets in Resources */,
				61E49FCC1CDACC6E000E2162 /* Main.storyboard in Resources */,
				61E49FD91CDAD4C2000E2162 /* dataPlist.plist in Resources */,
			);
			runOnlyForDeploymentPostprocessing = 0;
		};
/* End PBXResourcesBuildPhase section */

/* Begin PBXShellScriptBuildPhase section */
		1A09D52813E250D565CA78CB /* Embed Pods Frameworks */ = {
			isa = PBXShellScriptBuildPhase;
			buildActionMask = 2147483647;
			files = (
			);
			inputPaths = (
			);
			name = "Embed Pods Frameworks";
			outputPaths = (
			);
			runOnlyForDeploymentPostprocessing = 0;
			shellPath = /bin/sh;
			shellScript = "\"${SRCROOT}/Pods/Target Support Files/Pods/Pods-frameworks.sh\"\n";
			showEnvVarsInLog = 0;
		};
		1F559CAFCECD999135019041 /* Copy Pods Resources */ = {
			isa = PBXShellScriptBuildPhase;
			buildActionMask = 2147483647;
			files = (
			);
			inputPaths = (
			);
			name = "Copy Pods Resources";
			outputPaths = (
			);
			runOnlyForDeploymentPostprocessing = 0;
			shellPath = /bin/sh;
			shellScript = "\"${SRCROOT}/Pods/Target Support Files/Pods/Pods-resources.sh\"\n";
			showEnvVarsInLog = 0;
		};
		EF6C97F8C3AFFDB0697A0211 /* Check Pods Manifest.lock */ = {
			isa = PBXShellScriptBuildPhase;
			buildActionMask = 2147483647;
			files = (
			);
			inputPaths = (
			);
			name = "Check Pods Manifest.lock";
			outputPaths = (
			);
			runOnlyForDeploymentPostprocessing = 0;
			shellPath = /bin/sh;
			shellScript = "diff \"${PODS_ROOT}/../Podfile.lock\" \"${PODS_ROOT}/Manifest.lock\" > /dev/null\nif [[ $? != 0 ]] ; then\n    cat << EOM\nerror: The sandbox is not in sync with the Podfile.lock. Run 'pod install' or update your CocoaPods installation.\nEOM\n    exit 1\nfi\n";
			showEnvVarsInLog = 0;
		};
/* End PBXShellScriptBuildPhase section */

/* Begin PBXSourcesBuildPhase section */
		61E49FBA1CDACC6E000E2162 /* Sources */ = {
			isa = PBXSourcesBuildPhase;
			buildActionMask = 2147483647;
			files = (
				61E49FC91CDACC6E000E2162 /* ViewController.m in Sources */,
				61E49FDC1CDAE319000E2162 /* Cell1.m in Sources */,
				61E49FC61CDACC6E000E2162 /* AppDelegate.m in Sources */,
				61E49FC31CDACC6E000E2162 /* main.m in Sources */,
			);
			runOnlyForDeploymentPostprocessing = 0;
		};
/* End PBXSourcesBuildPhase section */

/* Begin PBXVariantGroup section */
		61E49FCA1CDACC6E000E2162 /* Main.storyboard */ = {
			isa = PBXVariantGroup;
			children = (
				61E49FCB1CDACC6E000E2162 /* Base */,
			);
			name = Main.storyboard;
			sourceTree = "<group>";
		};
		61E49FCF1CDACC6E000E2162 /* LaunchScreen.storyboard */ = {
			isa = PBXVariantGroup;
			children = (
				61E49FD01CDACC6E000E2162 /* Base */,
			);
			name = LaunchScreen.storyboard;
			sourceTree = "<group>";
		};
/* End PBXVariantGroup section */

/* Begin XCBuildConfiguration section */
		61E49FD31CDACC6E000E2162 /* Debug */ = {
			isa = XCBuildConfiguration;
			buildSettings = {
				ALWAYS_SEARCH_USER_PATHS = NO;
				CLANG_CXX_LANGUAGE_STANDARD = "gnu++0x";
				CLANG_CXX_LIBRARY = "libc++";
				CLANG_ENABLE_MODULES = YES;
				CLANG_ENABLE_OBJC_ARC = YES;
				CLANG_WARN_BOOL_CONVERSION = YES;
				CLANG_WARN_CONSTANT_CONVERSION = YES;
				CLANG_WARN_DIRECT_OBJC_ISA_USAGE = YES_ERROR;
				CLANG_WARN_EMPTY_BODY = YES;
				CLANG_WARN_ENUM_CONVERSION = YES;
				CLANG_WARN_INT_CONVERSION = YES;
				CLANG_WARN_OBJC_ROOT_CLASS = YES_ERROR;
				CLANG_WARN_UNREACHABLE_CODE = YES;
				CLANG_WARN__DUPLICATE_METHOD_MATCH = YES;
				"CODE_SIGN_IDENTITY[sdk=iphoneos*]" = "iPhone Developer";
				COPY_PHASE_STRIP = NO;
				DEBUG_INFORMATION_FORMAT = dwarf;
				ENABLE_STRICT_OBJC_MSGSEND = YES;
				ENABLE_TESTABILITY = YES;
				GCC_C_LANGUAGE_STANDARD = gnu99;
				GCC_DYNAMIC_NO_PIC = NO;
				GCC_NO_COMMON_BLOCKS = YES;
				GCC_OPTIMIZATION_LEVEL = 0;
				GCC_PREPROCESSOR_DEFINITIONS = (
					"DEBUG=1",
					"$(inherited)",
				);
				GCC_WARN_64_TO_32_BIT_CONVERSION = YES;
				GCC_WARN_ABOUT_RETURN_TYPE = YES_ERROR;
				GCC_WARN_UNDECLARED_SELECTOR = YES;
				GCC_WARN_UNINITIALIZED_AUTOS = YES_AGGRESSIVE;
				GCC_WARN_UNUSED_FUNCTION = YES;
				GCC_WARN_UNUSED_VARIABLE = YES;
				IPHONEOS_DEPLOYMENT_TARGET = 9.1;
				MTL_ENABLE_DEBUG_INFO = YES;
				ONLY_ACTIVE_ARCH = YES;
				SDKROOT = iphoneos;
				TARGETED_DEVICE_FAMILY = "1,2";
			};
			name = Debug;
		};
		61E49FD41CDACC6E000E2162 /* Release */ = {
			isa = XCBuildConfiguration;
			buildSettings = {
				ALWAYS_SEARCH_USER_PATHS = NO;
				CLANG_CXX_LANGUAGE_STANDARD = "gnu++0x";
				CLANG_CXX_LIBRARY = "libc++";
				CLANG_ENABLE_MODULES = YES;
				CLANG_ENABLE_OBJC_ARC = YES;
				CLANG_WARN_BOOL_CONVERSION = YES;
				CLANG_WARN_CONSTANT_CONVERSION = YES;
				CLANG_WARN_DIRECT_OBJC_ISA_USAGE = YES_ERROR;
				CLANG_WARN_EMPTY_BODY = YES;
				CLANG_WARN_ENUM_CONVERSION = YES;
				CLANG_WARN_INT_CONVERSION = YES;
				CLANG_WARN_OBJC_ROOT_CLASS = YES_ERROR;
				CLANG_WARN_UNREACHABLE_CODE = YES;
				CLANG_WARN__DUPLICATE_METHOD_MATCH = YES;
				"CODE_SIGN_IDENTITY[sdk=iphoneos*]" = "iPhone Developer";
				COPY_PHASE_STRIP = NO;
				DEBUG_INFORMATION_FORMAT = "dwarf-with-dsym";
				ENABLE_NS_ASSERTIONS = NO;
				ENABLE_STRICT_OBJC_MSGSEND = YES;
				GCC_C_LANGUAGE_STANDARD = gnu99;
				GCC_NO_COMMON_BLOCKS = YES;
				GCC_WARN_64_TO_32_BIT_CONVERSION = YES;
				GCC_WARN_ABOUT_RETURN_TYPE = YES_ERROR;
				GCC_WARN_UNDECLARED_SELECTOR = YES;
				GCC_WARN_UNINITIALIZED_AUTOS = YES_AGGRESSIVE;
				GCC_WARN_UNUSED_FUNCTION = YES;
				GCC_WARN_UNUSED_VARIABLE = YES;
				IPHONEOS_DEPLOYMENT_TARGET = 9.1;
				MTL_ENABLE_DEBUG_INFO = NO;
				SDKROOT = iphoneos;
				TARGETED_DEVICE_FAMILY = "1,2";
				VALIDATE_PRODUCT = YES;
			};
			name = Release;
		};
		61E49FD61CDACC6E000E2162 /* Debug */ = {
			isa = XCBuildConfiguration;
			baseConfigurationReference = 7EF349102D86CA6D6FBCBE38 /* Pods.debug.xcconfig */;
			buildSettings = {
				ASSETCATALOG_COMPILER_APPICON_NAME = AppIcon;
				INFOPLIST_FILE = ScrollMenu/Info.plist;
				IPHONEOS_DEPLOYMENT_TARGET = 8.4;
				LD_RUNPATH_SEARCH_PATHS = "$(inherited) @executable_path/Frameworks";
				PRODUCT_BUNDLE_IDENTIFIER = cc.huaxun.ScrollMenu;
				PRODUCT_NAME = "$(TARGET_NAME)";
			};
			name = Debug;
		};
		61E49FD71CDACC6E000E2162 /* Release */ = {
			isa = XCBuildConfiguration;
			baseConfigurationReference = 009865F9586D4C20266AC6E7 /* Pods.release.xcconfig */;
			buildSettings = {
				ASSETCATALOG_COMPILER_APPICON_NAME = AppIcon;
				INFOPLIST_FILE = ScrollMenu/Info.plist;
				IPHONEOS_DEPLOYMENT_TARGET = 8.4;
				LD_RUNPATH_SEARCH_PATHS = "$(inherited) @executable_path/Frameworks";
				PRODUCT_BUNDLE_IDENTIFIER = cc.huaxun.ScrollMenu;
				PRODUCT_NAME = "$(TARGET_NAME)";
			};
			name = Release;
		};
/* End XCBuildConfiguration section */

/* Begin XCConfigurationList section */
		61E49FB91CDACC6E000E2162 /* Build configuration list for PBXProject "ScrollMenu" */ = {
			isa = XCConfigurationList;
			buildConfigurations = (
				61E49FD31CDACC6E000E2162 /* Debug */,
				61E49FD41CDACC6E000E2162 /* Release */,
			);
			defaultConfigurationIsVisible = 0;
			defaultConfigurationName = Release;
		};
		61E49FD51CDACC6E000E2162 /* Build configuration list for PBXNativeTarget "ScrollMenu" */ = {
			isa = XCConfigurationList;
			buildConfigurations = (
				61E49FD61CDACC6E000E2162 /* Debug */,
				61E49FD71CDACC6E000E2162 /* Release */,
			);
			defaultConfigurationIsVisible = 0;
			defaultConfigurationName = Release;
		};
/* End XCConfigurationList section */
	};
	rootObject = 61E49FB61CDACC6E000E2162 /* Project object */;
}
